{
  "name": "clear",
  "version": "1.0.0",
  "lockfileVersion": 1,
  "requires": true,
  "dependencies": {
    "2": {
      "version": "2.0.0",
      "resolved": "https://registry.npmjs.org/2/-/2-2.0.0.tgz",
      "integrity": "sha512-TrzX639F67IORmJlu1XyYacBU8nYwTFLx6/OTCdBdFZ4h61y039c163/d5Kk916u17QERWOYgkQEocGDvj/6Aw==",
      "requires": {
        "@lamansky/every": "1.0.0",
        "add-counter": "1.0.0",
        "empty-iterator": "1.0.0",
        "is-array-of-length": "1.0.0",
        "is-instance-of": "1.0.1",
        "is-iterable": "1.1.1",
        "is-nil": "1.0.1",
        "is-object": "1.0.1",
        "map-iter": "1.0.0",
        "new-object": "3.1.0",
        "otherwise": "1.2.0",
        "qfn": "1.0.1",
        "sbo": "1.1.0"
      }
    },
    "@lamansky/every": {
      "version": "1.0.0",
      "resolved": "https://registry.npmjs.org/@lamansky/every/-/every-1.0.0.tgz",
      "integrity": "sha512-mbu6EV7RApOvzjE5RJqCneWFNVkrq1lYpIfOKwc39ngmfqNdGhCO8QYOFmESChIcCjn28zrNMPm1/pDrTAToMg==",
      "requires": {
        "ffn": "2.1.0",
        "plainify": "1.0.0",
        "sbo": "1.1.0"
      }
    },
    "@lamansky/flatten": {
      "version": "1.0.0",
      "resolved": "https://registry.npmjs.org/@lamansky/flatten/-/flatten-1.0.0.tgz",
      "integrity": "sha512-4u7TNkdIjYD0JKwNCJFSBIwj92DN4y/+nGNHB104CmQUrNYyxwmm/fto8k7S+4H9rSeDityPyGhiPqMy4ukxYg==",
      "requires": {
        "sbo": "1.1.0"
      }
    },
    "add-counter": {
      "version": "1.0.0",
      "resolved": "https://registry.npmjs.org/add-counter/-/add-counter-1.0.0.tgz",
      "integrity": "sha512-0CTbBx0nmG090qY9kmAcN/Z87W5dQUT5lfwqzYz881+3vciNGAK0d6vGt/lUye6NZGhmQBfJTo/lvfZHb+0l1Q=="
    },
    "array-pad": {
      "version": "0.0.1",
      "resolved": "https://registry.npmjs.org/array-pad/-/array-pad-0.0.1.tgz",
      "integrity": "sha1-y4YpV9z9r1kC4q4vW2Jj3WRwjjA="
    },
    "arrify": {
      "version": "1.0.1",
      "resolved": "https://registry.npmjs.org/arrify/-/arrify-1.0.1.tgz",
      "integrity": "sha1-iYUI2iIm84DfkEcoRWhJwVAaSw0="
    },
    "bootstrap": {
      "version": "4.0.0-beta.2",
      "resolved": "https://registry.npmjs.org/bootstrap/-/bootstrap-4.0.0-beta.2.tgz",
      "integrity": "sha512-DzGtdTlKbrMoGMpz0LigKSqJ+MgtFKxA791PU/q062OlRG0HybNZcTLH7rpDAmLS66Y3esN9yzKHLLbqa5UR3w=="
    },
    "case-insensitive": {
      "version": "1.0.0",
      "resolved": "https://registry.npmjs.org/case-insensitive/-/case-insensitive-1.0.0.tgz",
      "integrity": "sha1-z4sX7Lg3Gypm1yczoeYWUQAfR9Q="
    },
    "class-chain": {
      "version": "1.0.0",
      "resolved": "https://registry.npmjs.org/class-chain/-/class-chain-1.0.0.tgz",
      "integrity": "sha1-vkjqbEyDoU6QNTWFR/y8Q1N+emE=",
      "requires": {
        "is-object": "1.0.1"
      }
    },
    "copy-own": {
      "version": "1.1.0",
      "resolved": "https://registry.npmjs.org/copy-own/-/copy-own-1.1.0.tgz",
      "integrity": "sha512-f5pwWQ5OVosjOA8b4QMNlDeLFkJtgOKvbT5NwqyhTnYwp2Dsiu9DbDtzYjW1SyXbp4OuRg9vrcT/78nmexei9w=="
    },
    "dot-prop": {
      "version": "4.2.0",
      "resolved": "https://registry.npmjs.org/dot-prop/-/dot-prop-4.2.0.tgz",
      "integrity": "sha512-tUMXrxlExSW6U2EXiiKGSBVdYgtV8qlHL+C10TsW4PURY/ic+eaysnSkwB4kA/mBlCyy/IKDJ+Lc3wbWeaXtuQ==",
      "requires": {
        "is-obj": "1.0.1"
      }
    },
    "empty-iterator": {
      "version": "1.0.0",
      "resolved": "https://registry.npmjs.org/empty-iterator/-/empty-iterator-1.0.0.tgz",
      "integrity": "sha512-QaxCCCfa58lYi7eo0eAcEhuzOZma3tZw20uj/uVYoGrd2lWtL5TKAy8Xs6ZnTmGhyFshfWovFVXiPIlqmikL0Q=="
    },
    "english-list": {
      "version": "1.0.0",
      "resolved": "https://registry.npmjs.org/english-list/-/english-list-1.0.0.tgz",
      "integrity": "sha512-bymeFA1uVYM4Bt4aLvV36X9iYk7GrG2IN1HmL1CTueRSYJLYQTXJjbqOyUGmYgfrrS3fxqs1iEU/bIiHLuneRA=="
    },
    "errate": {
      "version": "1.2.0",
      "resolved": "https://registry.npmjs.org/errate/-/errate-1.2.0.tgz",
      "integrity": "sha512-KMFf/w+BCG3iPwdWNIFFisXPZNXpb6mmyPgfX+cZQCB/gbcOHCjSSzTkj6d0U2J2rz1+PSkYKCW+77GTkoqH4A==",
      "requires": {
        "copy-own": "1.1.0",
        "is-class-of": "1.0.1",
        "is-instance-of": "1.0.1"
      }
    },
    "ffn": {
      "version": "2.1.0",
      "resolved": "https://registry.npmjs.org/ffn/-/ffn-2.1.0.tgz",
      "integrity": "sha512-4RAYssW5tXRqsXfRRMLYZN5ze+JBBCaLhgv5sBQYyMturfeU+CAYnYIz7TS7Qzv9wgBAkvQF8w6XtIWTfHM26w=="
    },
    "font-awesome": {
      "version": "4.7.0",
      "resolved": "https://registry.npmjs.org/font-awesome/-/font-awesome-4.7.0.tgz",
      "integrity": "sha1-j6jPBBGhoxr9B7BtKQK7n8gVoTM="
    },
    "has-duplicates": {
      "version": "1.0.0",
      "resolved": "https://registry.npmjs.org/has-duplicates/-/has-duplicates-1.0.0.tgz",
      "integrity": "sha1-iTB2HbL3Hzm6icBbCxWKtITrlxA="
    },
    "is-array-of-length": {
      "version": "1.0.0",
      "resolved": "https://registry.npmjs.org/is-array-of-length/-/is-array-of-length-1.0.0.tgz",
      "integrity": "sha512-mID/qRKdFpiKGvPZwBnCicBPZ6IshntNCO/YZTWw/RnXxkzn46tMN640nMcLvs3zVacOBTkiTFntxyWk/9aD6w==",
      "requires": {
        "sbo": "1.1.0"
      }
    },
    "is-class-of": {
      "version": "1.0.1",
      "resolved": "https://registry.npmjs.org/is-class-of/-/is-class-of-1.0.1.tgz",
      "integrity": "sha512-5Fi5UUAWcsq1T2n5yJxOm8udIfOn4X/cpCGaUA5wdQxRQ+YF29RuBuTp0DlMjooK5CQrJbxIE01bjYoAoobu3g==",
      "requires": {
        "class-chain": "1.0.0",
        "sbo": "1.1.0"
      }
    },
    "is-global-object": {
      "version": "1.0.0",
      "resolved": "https://registry.npmjs.org/is-global-object/-/is-global-object-1.0.0.tgz",
      "integrity": "sha512-THgJ/n1Ndja7FZ6YksPlhcLsl1Z34LfYT1maxuKYtt4CT/apnFwhlb2U+HVm8u9tySJL12NPV+u4USUJ4p0GRQ=="
    },
    "is-instance-of": {
      "version": "1.0.1",
      "resolved": "https://registry.npmjs.org/is-instance-of/-/is-instance-of-1.0.1.tgz",
      "integrity": "sha512-i/WAmKwuv2Ky7smX3WNCvAA/6ccqN3ZWRUjGr6TNap4mn4l9F8p7TdsHbK3rIk6oXloGrvo8pz9AFgA1kNaWeA==",
      "requires": {
        "@lamansky/flatten": "1.0.0",
        "arrify": "1.0.1",
        "case-insensitive": "1.0.0",
        "class-chain": "1.0.0",
        "is-obj": "1.0.1",
        "qfn": "1.0.1",
        "sbo": "1.1.0"
      }
    },
    "is-iterable": {
      "version": "1.1.1",
      "resolved": "https://registry.npmjs.org/is-iterable/-/is-iterable-1.1.1.tgz",
      "integrity": "sha512-EdOZCr0NsGE00Pot+x1ZFx9MJK3C6wy91geZpXwvwexDLJvA4nzYyZf7r+EIwSeVsOLDdBz7ATg9NqKTzuNYuQ=="
    },
    "is-nil": {
      "version": "1.0.1",
      "resolved": "https://registry.npmjs.org/is-nil/-/is-nil-1.0.1.tgz",
      "integrity": "sha1-LauingtYUGOHXntTnQcfWxWTeWk="
    },
    "is-obj": {
      "version": "1.0.1",
      "resolved": "https://registry.npmjs.org/is-obj/-/is-obj-1.0.1.tgz",
      "integrity": "sha1-PkcprB9f3gJc19g6iW2rn09n2w8="
    },
    "is-object": {
      "version": "1.0.1",
      "resolved": "https://registry.npmjs.org/is-object/-/is-object-1.0.1.tgz",
      "integrity": "sha1-iVJojF7C/9awPsyF52ngKQMINHA="
    },
    "is-plain-object": {
      "version": "2.0.4",
      "resolved": "https://registry.npmjs.org/is-plain-object/-/is-plain-object-2.0.4.tgz",
      "integrity": "sha512-h5PpgXkWitc38BBMYawTYMWJHFZJVnBquFE57xFpjB8pJFiF6gZ+bU+WyI/yqXiFR5mdLsgYNaPe8uao6Uv9Og==",
      "requires": {
        "isobject": "3.0.1"
      }
    },
    "isobject": {
      "version": "3.0.1",
      "resolved": "https://registry.npmjs.org/isobject/-/isobject-3.0.1.tgz",
      "integrity": "sha1-TkMekrEalzFjaqH5yNHMvP2reN8="
    },
    "jquery": {
      "version": "3.4.1",
      "resolved": "https://registry.npmjs.org/jquery/-/jquery-3.4.1.tgz",
      "integrity": "sha512-36+AdBzCL+y6qjw5Tx7HgzeGCzC81MDDgaUP8ld2zhx58HdqXGoBd+tHdrBMiyjGQs0Hxs/MLZTu/eHNJJuWPw=="
    },
    "map-iter": {
      "version": "1.0.0",
      "resolved": "https://registry.npmjs.org/map-iter/-/map-iter-1.0.0.tgz",
      "integrity": "sha512-beFeBgHAX6kFPgLl0bck+hEcnu1M0W2b7bqHryE3OI3wdZhgvKQppeDmq/Ys/NVYYJ4/Nz+B45gWaH56PURexQ==",
      "requires": {
        "sbo": "1.1.0"
      }
    },
    "new-object": {
      "version": "3.1.0",
      "resolved": "https://registry.npmjs.org/new-object/-/new-object-3.1.0.tgz",
      "integrity": "sha512-mAm06BBs3uEioVQ6eL5JTYQY+Dlo9xqJyCKwcvrXMbR0yOQPdSc3ZZrCtVXGjcDW20t2btlbWJVD1TjWd7rA3A==",
      "requires": {
        "errate": "1.2.0"
      }
    },
    "ofn": {
      "version": "1.0.0",
      "resolved": "https://registry.npmjs.org/ofn/-/ofn-1.0.0.tgz",
      "integrity": "sha512-jcPbdrxmZ9BHCI6wuSR33picFQKORWuSQICXpU0XoeSMJ32sRMUdBNUHYgMl35pJoMB/UoW0q5TA7uWLp0nn8Q==",
      "requires": {
        "has-duplicates": "1.0.0",
        "wfn": "1.0.0"
      }
    },
    "otherwise": {
      "version": "1.2.0",
      "resolved": "https://registry.npmjs.org/otherwise/-/otherwise-1.2.0.tgz",
      "integrity": "sha512-39elvjk97u1Ir+fQVQvM6DelPV4/kUdX4PwrTXYRq27siVOeP3hyPgcpkRByfk9LXC3X7ddiF9KZCsOiDPb8Cw==",
      "requires": {
        "errate": "1.2.0",
        "roadblock": "1.1.0"
      }
    },
    "pfn": {
      "version": "1.0.0",
      "resolved": "https://registry.npmjs.org/pfn/-/pfn-1.0.0.tgz",
      "integrity": "sha512-ka1eob/luOQvIVr7ie6UpA6Z2PiFR8I1YQoP3g5UEXWDB4wHOm6/iDfnsup1udjmlkzjOe9XjxIszoyIu4N9YQ=="
    },
    "plainify": {
      "version": "1.0.0",
      "resolved": "https://registry.npmjs.org/plainify/-/plainify-1.0.0.tgz",
      "integrity": "sha512-z/JXOByYzJ7xs6MA3FLPhM7oS53SMrZWJCUdUlOBcq7e/X3kkxHmNNO1QEEtDnSZ8ZN4xIY0drALlCjLEVtIWA==",
      "requires": {
        "is-plain-object": "2.0.4"
      }
    },
    "popper.js": {
      "version": "1.15.0",
      "resolved": "https://registry.npmjs.org/popper.js/-/popper.js-1.15.0.tgz",
      "integrity": "sha512-w010cY1oCUmI+9KwwlWki+r5jxKfTFDVoadl7MSrIujHU5MJ5OR6HTDj6Xo8aoR/QsA56x8jKjA59qGH4ELtrA=="
    },
    "qfn": {
      "version": "1.0.1",
      "resolved": "https://registry.npmjs.org/qfn/-/qfn-1.0.1.tgz",
      "integrity": "sha512-Ci2jl+ICwQGoNusUgJCToecm0IFryiT9vhTIW3Tew4t5I4ySTt8Be84bpAz9FqF+4uGKLvilHzmApszjCvExlw==",
      "requires": {
        "pfn": "1.0.0",
        "wfn": "1.0.0"
      }
    },
    "roadblock": {
      "version": "1.1.0",
      "resolved": "https://registry.npmjs.org/roadblock/-/roadblock-1.1.0.tgz",
      "integrity": "sha512-qrKRAV1gz9XoV0GOeAeePSw6/lFs0u6/+EzIC55fISoprnpxrnI0zcCw6pTYpmagfIk1rRRurnHlK47opn4eRA=="
    },
    "sbo": {
      "version": "1.1.0",
      "resolved": "https://registry.npmjs.org/sbo/-/sbo-1.1.0.tgz",
      "integrity": "sha512-6b5a/m+XqsGzDGPER/5Z0eaDRjScef7jAGkTc+wv9LiwGIHy/yFq530qLMZJc52EGvfgxfu3nf2eU1BMISIO0Q==",
      "requires": {
        "array-pad": "0.0.1",
        "dot-prop": "4.2.0",
        "ffn": "2.1.0",
        "is-global-object": "1.0.0",
        "is-nil": "1.0.1",
        "is-object": "1.0.1",
        "ofn": "1.0.0",
        "plainify": "1.0.0",
        "wfn": "1.0.0"
      }
    },
    "sorp": {
      "version": "1.0.0",
      "resolved": "https://registry.npmjs.org/sorp/-/sorp-1.0.0.tgz",
      "integrity": "sha512-iTeBVYTnKO4bsj4so0MnmCcIlIclZ2yWD37iudIFy0m9aRXvZVOf0r1JRvyUmj59UUtr+AUwC0TamseLmSDZgw=="
    },
    "wfn": {
      "version": "1.0.0",
      "resolved": "https://registry.npmjs.org/wfn/-/wfn-1.0.0.tgz",
      "integrity": "sha512-oqi69SrZYlW66I/Bz4iJQ7V4E/uB0o776fW7KWbGaweTHvrtDUuemPkyEt7MgQeSnUs30NTSyqcbO4TT7/8SOw==",
      "requires": {
        "copy-own": "1.1.0",
        "english-list": "1.0.0",
        "sorp": "1.0.0"
      }
    }
  }
}
